// !$*UTF8*$!
{
	archiveVersion = 1;
	classes = {
	};
	objectVersion = 56;
	objects = {

/* Begin PBXBuildFile section */
		CA01001A2C2E223C00C4A31B /* CubesApp.swift in Sources */ = {isa = PBXBuildFile; fileRef = CA0100192C2E223C00C4A31B /* CubesApp.swift */; };
		CA01001C2C2E223C00C4A31B /* ContentView.swift in Sources */ = {isa = PBXBuildFile; fileRef = CA01001B2C2E223C00C4A31B /* ContentView.swift */; };
		CA0100202C2E223C00C4A31B /* ImageBasedLighting.skybox in Resources */ = {isa = PBXBuildFile; fileRef = CA01001F2C2E223C00C4A31B /* ImageBasedLighting.skybox */; };
		CA0100222C2E223D00C4A31B /* Assets.xcassets in Resources */ = {isa = PBXBuildFile; fileRef = CA0100212C2E223D00C4A31B /* Assets.xcassets */; };
		CA0100252C2E223D00C4A31B /* Preview Assets.xcassets in Resources */ = {isa = PBXBuildFile; fileRef = CA0100242C2E223D00C4A31B /* Preview Assets.xcassets */; };
		CA5E9E072C30F92D00EF63BF /* CubeCollision.aiff in Resources */ = {isa = PBXBuildFile; fileRef = CA5E9E062C30F92D00EF63BF /* CubeCollision.aiff */; };
/* End PBXBuildFile section */

/* Begin PBXFileReference section */
		CA0100122C2E223C00C4A31B /* Cubes.app */ = {isa = PBXFileReference; explicitFileType = wrapper.application; includeInIndex = 0; path = Cubes.app; sourceTree = BUILT_PRODUCTS_DIR; };
		CA0100192C2E223C00C4A31B /* CubesApp.swift */ = {isa = PBXFileReference; lastKnownFileType = sourcecode.swift; path = CubesApp.swift; sourceTree = "<group>"; };
		CA01001B2C2E223C00C4A31B /* ContentView.swift */ = {isa = PBXFileReference; lastKnownFileType = sourcecode.swift; path = ContentView.swift; sourceTree = "<group>"; };
		CA01001F2C2E223C00C4A31B /* ImageBasedLighting.skybox */ = {isa = PBXFileReference; lastKnownFileType = file.skybox; path = ImageBasedLighting.skybox; sourceTree = "<group>"; };
		CA0100212C2E223D00C4A31B /* Assets.xcassets */ = {isa = PBXFileReference; lastKnownFileType = folder.assetcatalog; path = Assets.xcassets; sourceTree = "<group>"; };
		CA0100242C2E223D00C4A31B /* Preview Assets.xcassets */ = {isa = PBXFileReference; lastKnownFileType = folder.assetcatalog; path = "Preview Assets.xcassets"; sourceTree = "<group>"; };
		CA0100262C2E223D00C4A31B /* Info.plist */ = {isa = PBXFileReference; lastKnownFileType = text.plist.xml; path = Info.plist; sourceTree = "<group>"; };
		CA5E9E062C30F92D00EF63BF /* CubeCollision.aiff */ = {isa = PBXFileReference; lastKnownFileType = audio.aiff; path = CubeCollision.aiff; sourceTree = "<group>"; };
/* End PBXFileReference section */

/* Begin PBXFrameworksBuildPhase section */
		CA01000F2C2E223C00C4A31B /* Frameworks */ = {
			isa = PBXFrameworksBuildPhase;
			buildActionMask = 2147483647;
			files = (
			);
			runOnlyForDeploymentPostprocessing = 0;
		};
/* End PBXFrameworksBuildPhase section */

/* Begin PBXGroup section */
		CA0100092C2E223C00C4A31B = {
			isa = PBXGroup;
			children = (
				CA0100142C2E223C00C4A31B /* Cubes */,
				CA0100132C2E223C00C4A31B /* Products */,
			);
			sourceTree = "<group>";
		};
		CA0100132C2E223C00C4A31B /* Products */ = {
			isa = PBXGroup;
			children = (
				CA0100122C2E223C00C4A31B /* Cubes.app */,
			);
			name = Products;
			sourceTree = "<group>";
		};
		CA0100142C2E223C00C4A31B /* Cubes */ = {
			isa = PBXGroup;
			children = (
				CA5E9E032C30F91000EF63BF /* Resources */,
				CA0100192C2E223C00C4A31B /* CubesApp.swift */,
				CA01001B2C2E223C00C4A31B /* ContentView.swift */,
				CA01001F2C2E223C00C4A31B /* ImageBasedLighting.skybox */,
				CA0100212C2E223D00C4A31B /* Assets.xcassets */,
				CA0100262C2E223D00C4A31B /* Info.plist */,
				CA0100232C2E223D00C4A31B /* Preview Content */,
			);
			path = Cubes;
			sourceTree = "<group>";
		};
		CA0100232C2E223D00C4A31B /* Preview Content */ = {
			isa = PBXGroup;
			children = (
				CA0100242C2E223D00C4A31B /* Preview Assets.xcassets */,
			);
			path = "Preview Content";
			sourceTree = "<group>";
		};
		CA5E9E032C30F91000EF63BF /* Resources */ = {
			isa = PBXGroup;
			children = (
				CA5E9E042C30F91900EF63BF /* Audio */,
			);
			path = Resources;
			sourceTree = "<group>";
		};
		CA5E9E042C30F91900EF63BF /* Audio */ = {
			isa = PBXGroup;
			children = (
				CA5E9E052C30F91E00EF63BF /* Collisions */,
			);
			path = Audio;
			sourceTree = "<group>";
		};
		CA5E9E052C30F91E00EF63BF /* Collisions */ = {
			isa = PBXGroup;
			children = (
				CA5E9E062C30F92D00EF63BF /* CubeCollision.aiff */,
			);
			path = Collisions;
			sourceTree = "<group>";
		};
/* End PBXGroup section */

/* Begin PBXNativeTarget section */
		CA0100112C2E223C00C4A31B /* Cubes */ = {
			isa = PBXNativeTarget;
			buildConfigurationList = CA0100292C2E223D00C4A31B /* Build configuration list for PBXNativeTarget "Cubes" */;
			buildPhases = (
				CA01000E2C2E223C00C4A31B /* Sources */,
				CA01000F2C2E223C00C4A31B /* Frameworks */,
				CA0100102C2E223C00C4A31B /* Resources */,
			);
			buildRules = (
			);
			dependencies = (
			);
			name = Cubes;
			packageProductDependencies = (
			);
			productName = Cubes;
			productReference = CA0100122C2E223C00C4A31B /* Cubes.app */;
			productType = "com.apple.product-type.application";
		};
/* End PBXNativeTarget section */

/* Begin PBXProject section */
		CA01000A2C2E223C00C4A31B /* Project object */ = {
			isa = PBXProject;
			attributes = {
				BuildIndependentTargetsInParallel = 1;
				LastSwiftUpdateCheck = 1540;
				LastUpgradeCheck = 1540;
				TargetAttributes = {
					CA0100112C2E223C00C4A31B = {
						CreatedOnToolsVersion = 15.4;
					};
				};
			};
			buildConfigurationList = CA01000D2C2E223C00C4A31B /* Build configuration list for PBXProject "Cubes" */;
			compatibilityVersion = "Xcode 14.0";
			developmentRegion = en;
			hasScannedForEncodings = 0;
			knownRegions = (
				en,
				Base,
			);
			mainGroup = CA0100092C2E223C00C4A31B;
			productRefGroup = CA0100132C2E223C00C4A31B /* Products */;
			projectDirPath = "";
			projectRoot = "";
			targets = (
				CA0100112C2E223C00C4A31B /* Cubes */,
			);
		};
/* End PBXProject section */

/* Begin PBXResourcesBuildPhase section */
		CA0100102C2E223C00C4A31B /* Resources */ = {
			isa = PBXResourcesBuildPhase;
			buildActionMask = 2147483647;
			files = (
				CA0100222C2E223D00C4A31B /* Assets.xcassets in Resources */,
				CA5E9E072C30F92D00EF63BF /* CubeCollision.aiff in Resources */,
				CA0100252C2E223D00C4A31B /* Preview Assets.xcassets in Resources */,
				CA0100202C2E223C00C4A31B /* ImageBasedLighting.skybox in Resources */,
			);
			runOnlyForDeploymentPostprocessing = 0;
		};
/* End PBXResourcesBuildPhase section */

/* Begin PBXSourcesBuildPhase section */
		CA01000E2C2E223C00C4A31B /* Sources */ = {
			isa = PBXSourcesBuildPhase;
			buildActionMask = 2147483647;
			files = (
				CA01001C2C2E223C00C4A31B /* ContentView.swift in Sources */,
				CA01001A2C2E223C00C4A31B /* CubesApp.swift in Sources */,
			);
			runOnlyForDeploymentPostprocessing = 0;
		};
/* End PBXSourcesBuildPhase section */

/* Begin XCBuildConfiguration section */
		CA0100272C2E223D00C4A31B /* Debug */ = {
			isa = XCBuildConfiguration;
			buildSettings = {
				ALWAYS_SEARCH_USER_PATHS = NO;
				ASSETCATALOG_COMPILER_GENERATE_SWIFT_ASSET_SYMBOL_EXTENSIONS = YES;
				CLANG_ANALYZER_NONNULL = YES;
				CLANG_ANALYZER_NUMBER_OBJECT_CONVERSION = YES_AGGRESSIVE;
				CLANG_CXX_LANGUAGE_STANDARD = "gnu++20";
				CLANG_ENABLE_MODULES = YES;
				CLANG_ENABLE_OBJC_ARC = YES;
				CLANG_ENABLE_OBJC_WEAK = YES;
				CLANG_WARN_BLOCK_CAPTURE_AUTORELEASING = YES;
				CLANG_WARN_BOOL_CONVERSION = YES;
				CLANG_WARN_COMMA = YES;
				CLANG_WARN_CONSTANT_CONVERSION = YES;
				CLANG_WARN_DEPRECATED_OBJC_IMPLEMENTATIONS = YES;
				CLANG_WARN_DIRECT_OBJC_ISA_USAGE = YES_ERROR;
				CLANG_WARN_DOCUMENTATION_COMMENTS = YES;
				CLANG_WARN_EMPTY_BODY = YES;
				CLANG_WARN_ENUM_CONVERSION = YES;
				CLANG_WARN_INFINITE_RECURSION = YES;
				CLANG_WARN_INT_CONVERSION = YES;
				CLANG_WARN_NON_LITERAL_NULL_CONVERSION = YES;
				CLANG_WARN_OBJC_IMPLICIT_RETAIN_SELF = YES;
				CLANG_WARN_OBJC_LITERAL_CONVERSION = YES;
				CLANG_WARN_OBJC_ROOT_CLASS = YES_ERROR;
				CLANG_WARN_QUOTED_INCLUDE_IN_FRAMEWORK_HEADER = YES;
				CLANG_WARN_RANGE_LOOP_ANALYSIS = YES;
				CLANG_WARN_STRICT_PROTOTYPES = YES;
				CLANG_WARN_SUSPICIOUS_MOVE = YES;
				CLANG_WARN_UNGUARDED_AVAILABILITY = YES_AGGRESSIVE;
				CLANG_WARN_UNREACHABLE_CODE = YES;
				CLANG_WARN__DUPLICATE_METHOD_MATCH = YES;
				COPY_PHASE_STRIP = NO;
				DEBUG_INFORMATION_FORMAT = dwarf;
				ENABLE_STRICT_OBJC_MSGSEND = YES;
				ENABLE_TESTABILITY = YES;
				ENABLE_USER_SCRIPT_SANDBOXING = YES;
				GCC_C_LANGUAGE_STANDARD = gnu17;
				GCC_DYNAMIC_NO_PIC = NO;
				GCC_NO_COMMON_BLOCKS = YES;
				GCC_OPTIMIZATION_LEVEL = 0;
				GCC_PREPROCESSOR_DEFINITIONS = (
					"DEBUG=1",
					"$(inherited)",
				);
				GCC_WARN_64_TO_32_BIT_CONVERSION = YES;
				GCC_WARN_ABOUT_RETURN_TYPE = YES_ERROR;
				GCC_WARN_UNDECLARED_SELECTOR = YES;
				GCC_WARN_UNINITIALIZED_AUTOS = YES_AGGRESSIVE;
				GCC_WARN_UNUSED_FUNCTION = YES;
				GCC_WARN_UNUSED_VARIABLE = YES;
				LOCALIZATION_PREFERS_STRING_CATALOGS = YES;
				MTL_ENABLE_DEBUG_INFO = INCLUDE_SOURCE;
				MTL_FAST_MATH = YES;
				ONLY_ACTIVE_ARCH = YES;
				SDKROOT = xros;
				SWIFT_ACTIVE_COMPILATION_CONDITIONS = "DEBUG $(inherited)";
				SWIFT_OPTIMIZATION_LEVEL = "-Onone";
				XROS_DEPLOYMENT_TARGET = 1.2;
			};
			name = Debug;
		};
		CA0100282C2E223D00C4A31B /* Release */ = {
			isa = XCBuildConfiguration;
			buildSettings = {
				ALWAYS_SEARCH_USER_PATHS = NO;
				ASSETCATALOG_COMPILER_GENERATE_SWIFT_ASSET_SYMBOL_EXTENSIONS = YES;
				CLANG_ANALYZER_NONNULL = YES;
				CLANG_ANALYZER_NUMBER_OBJECT_CONVERSION = YES_AGGRESSIVE;
				CLANG_CXX_LANGUAGE_STANDARD = "gnu++20";
				CLANG_ENABLE_MODULES = YES;
				CLANG_ENABLE_OBJC_ARC = YES;
				CLANG_ENABLE_OBJC_WEAK = YES;
				CLANG_WARN_BLOCK_CAPTURE_AUTORELEASING = YES;
				CLANG_WARN_BOOL_CONVERSION = YES;
				CLANG_WARN_COMMA = YES;
				CLANG_WARN_CONSTANT_CONVERSION = YES;
				CLANG_WARN_DEPRECATED_OBJC_IMPLEMENTATIONS = YES;
				CLANG_WARN_DIRECT_OBJC_ISA_USAGE = YES_ERROR;
				CLANG_WARN_DOCUMENTATION_COMMENTS = YES;
				CLANG_WARN_EMPTY_BODY = YES;
				CLANG_WARN_ENUM_CONVERSION = YES;
				CLANG_WARN_INFINITE_RECURSION = YES;
				CLANG_WARN_INT_CONVERSION = YES;
				CLANG_WARN_NON_LITERAL_NULL_CONVERSION = YES;
				CLANG_WARN_OBJC_IMPLICIT_RETAIN_SELF = YES;
				CLANG_WARN_OBJC_LITERAL_CONVERSION = YES;
				CLANG_WARN_OBJC_ROOT_CLASS = YES_ERROR;
				CLANG_WARN_QUOTED_INCLUDE_IN_FRAMEWORK_HEADER = YES;
				CLANG_WARN_RANGE_LOOP_ANALYSIS = YES;
				CLANG_WARN_STRICT_PROTOTYPES = YES;
				CLANG_WARN_SUSPICIOUS_MOVE = YES;
				CLANG_WARN_UNGUARDED_AVAILABILITY = YES_AGGRESSIVE;
				CLANG_WARN_UNREACHABLE_CODE = YES;
				CLANG_WARN__DUPLICATE_METHOD_MATCH = YES;
				COPY_PHASE_STRIP = NO;
				DEBUG_INFORMATION_FORMAT = "dwarf-with-dsym";
				ENABLE_NS_ASSERTIONS = NO;
				ENABLE_STRICT_OBJC_MSGSEND = YES;
				ENABLE_USER_SCRIPT_SANDBOXING = YES;
				GCC_C_LANGUAGE_STANDARD = gnu17;
				GCC_NO_COMMON_BLOCKS = YES;
				GCC_WARN_64_TO_32_BIT_CONVERSION = YES;
				GCC_WARN_ABOUT_RETURN_TYPE = YES_ERROR;
				GCC_WARN_UNDECLARED_SELECTOR = YES;
				GCC_WARN_UNINITIALIZED_AUTOS = YES_AGGRESSIVE;
				GCC_WARN_UNUSED_FUNCTION = YES;
				GCC_WARN_UNUSED_VARIABLE = YES;
				LOCALIZATION_PREFERS_STRING_CATALOGS = YES;
				MTL_ENABLE_DEBUG_INFO = NO;
				MTL_FAST_MATH = YES;
				SDKROOT = xros;
				SWIFT_COMPILATION_MODE = wholemodule;
				VALIDATE_PRODUCT = YES;
				XROS_DEPLOYMENT_TARGET = 1.2;
			};
			name = Release;
		};
		CA01002A2C2E223D00C4A31B /* Debug */ = {
			isa = XCBuildConfiguration;
			buildSettings = {
				ASSETCATALOG_COMPILER_APPICON_NAME = AppIcon;
				ASSETCATALOG_COMPILER_GLOBAL_ACCENT_COLOR_NAME = AccentColor;
				CODE_SIGN_STYLE = Automatic;
				CURRENT_PROJECT_VERSION = 1;
				DEVELOPMENT_ASSET_PATHS = "\"Cubes/Preview Content\"";
				DEVELOPMENT_TEAM = 2Y2YN472N3;
				ENABLE_PREVIEWS = YES;
				GENERATE_INFOPLIST_FILE = YES;
				INFOPLIST_FILE = "$(TARGET_NAME)/Info.plist";
				LD_RUNPATH_SEARCH_PATHS = (
					"$(inherited)",
					"@executable_path/Frameworks",
				);
				MARKETING_VERSION = 1.0;
				PRODUCT_BUNDLE_IDENTIFIER = com.dougholland.Cubes;
				PRODUCT_NAME = "$(TARGET_NAME)";
				SUPPORTED_PLATFORMS = "xros xrsimulator";
				SWIFT_EMIT_LOC_STRINGS = YES;
				SWIFT_VERSION = 5.0;
				TARGETED_DEVICE_FAMILY = "1,2,7";
			};
			name = Debug;
		};
		CA01002B2C2E223D00C4A31B /* Release */ = {
			isa = XCBuildConfiguration;
			buildSettings = {
				ASSETCATALOG_COMPILER_APPICON_NAME = AppIcon;
				ASSETCATALOG_COMPILER_GLOBAL_ACCENT_COLOR_NAME = AccentColor;
				CODE_SIGN_STYLE = Automatic;
				CURRENT_PROJECT_VERSION = 1;
				DEVELOPMENT_ASSET_PATHS = "\"Cubes/Preview Content\"";
				DEVELOPMENT_TEAM = 2Y2YN472N3;
				ENABLE_PREVIEWS = YES;
				GENERATE_INFOPLIST_FILE = YES;
				INFOPLIST_FILE = "$(TARGET_NAME)/Info.plist";
				LD_RUNPATH_SEARCH_PATHS = (
					"$(inherited)",
					"@executable_path/Frameworks",
				);
				MARKETING_VERSION = 1.0;
				PRODUCT_BUNDLE_IDENTIFIER = com.dougholland.Cubes;
				PRODUCT_NAME = "$(TARGET_NAME)";
				SUPPORTED_PLATFORMS = "xros xrsimulator";
				SWIFT_EMIT_LOC_STRINGS = YES;
				SWIFT_VERSION = 5.0;
				TARGETED_DEVICE_FAMILY = "1,2,7";
			};
			name = Release;
		};
/* End XCBuildConfiguration section */

/* Begin XCConfigurationList section */
		CA01000D2C2E223C00C4A31B /* Build configuration list for PBXProject "Cubes" */ = {
			isa = XCConfigurationList;
			buildConfigurations = (
				CA0100272C2E223D00C4A31B /* Debug */,
				CA0100282C2E223D00C4A31B /* Release */,
			);
			defaultConfigurationIsVisible = 0;
			defaultConfigurationName = Release;
		};
		CA0100292C2E223D00C4A31B /* Build configuration list for PBXNativeTarget "Cubes" */ = {
			isa = XCConfigurationList;
			buildConfigurations = (
				CA01002A2C2E223D00C4A31B /* Debug */,
				CA01002B2C2E223D00C4A31B /* Release */,
			);
			defaultConfigurationIsVisible = 0;
			defaultConfigurationName = Release;
		};
/* End XCConfigurationList section */
	};
	rootObject = CA01000A2C2E223C00C4A31B /* Project object */;
}
